<?xml version="1.0" encoding="utf-8"?>
<Project ToolsVersion="4.0" xmlns="http://schemas.microsoft.com/developer/msbuild/2003">
  <ItemGroup>
    <Filter Include="Source Files">
      <UniqueIdentifier>{4FC737F1-C7A5-4376-A066-2A32D752A2FF}</UniqueIdentifier>
      <Extensions>cpp;c;cc;cxx;def;odl;idl;hpj;bat;asm;asmx</Extensions>
    </Filter>
    <Filter Include="Header Files">
      <UniqueIdentifier>{93995380-89BD-4b04-88EB-625FBE52EBFB}</UniqueIdentifier>
      <Extensions>h;hh;hpp;hxx;hm;inl;inc;xsd</Extensions>
    </Filter>
    <Filter Include="Resource Files">
      <UniqueIdentifier>{67DA6AB6-F800-4c08-8B7A-83BB121AAD01}</UniqueIdentifier>
      <Extensions>rc;ico;cur;bmp;dlg;rc2;rct;bin;rgs;gif;jpg;jpeg;jpe;resx;tiff;tif;png;wav;mfcribbon-ms</Extensions>
    </Filter>
  </ItemGroup>
  <ItemGroup>
    <ClInclude Include="src\json.hpp">
      <Filter>Source Files</Filter>
    </ClInclude>
    <ClInclude Include="include\GaussSmoopthen.hpp">
      <Filter>Header Files</Filter>
    </ClInclude>
    <ClInclude Include="include\linenoise.hpp">
      <Filter>Header Files</Filter>
    </ClInclude>
    <ClInclude Include="include\SGSmooth.hpp">
      <Filter>Header Files</Filter>
    </ClInclude>
    <ClInclude Include="include\SimpleShell.hpp">
      <Filter>Header Files</Filter>
    </ClInclude>
    <ClInclude Include="src\PathPlaningController\BEM\BEM2D.hpp">
      <Filter>Header Files</Filter>
    </ClInclude>
    <ClInclude Include="src\PathPlaningController\BEM\BEM2DConstant.hpp">
      <Filter>Header Files</Filter>
    </ClInclude>
    <ClInclude Include="src\PathPlaningController\BEM\BEM2DLinear.hpp">
      <Filter>Header Files</Filter>
    </ClInclude>
    <ClInclude Include="src\PathPlaningController\BEM\BEMCommon.hpp">
      <Filter>Header Files</Filter>
    </ClInclude>
    <ClInclude Include="src\PathPlaningController\BEM\BEMMathUtil.hpp">
      <Filter>Header Files</Filter>
    </ClInclude>
    <ClInclude Include="src\PathPlaningController\ControlSystem\ControlSystem.hpp">
      <Filter>Header Files</Filter>
    </ClInclude>
    <ClInclude Include="src\PathPlaningController\FieldBuilding\BoundaryStrategy.hpp">
      <Filter>Header Files</Filter>
    </ClInclude>
    <ClInclude Include="src\PathPlaningController\FieldBuilding\ClosedBoundary.hpp">
      <Filter>Header Files</Filter>
    </ClInclude>
    <ClInclude Include="src\PathPlaningController\FieldBuilding\ConstantBCStrategy.hpp">
      <Filter>Header Files</Filter>
    </ClInclude>
    <ClInclude Include="src\PathPlaningController\FieldBuilding\ConstantMeshStrategy.hpp">
      <Filter>Header Files</Filter>
    </ClInclude>
    <ClInclude Include="src\PathPlaningController\FieldBuilding\FieldBuildingCommon.hpp">
      <Filter>Header Files</Filter>
    </ClInclude>
    <ClInclude Include="src\PathPlaningController\FieldBuilding\FieldMathUtil.hpp">
      <Filter>Header Files</Filter>
    </ClInclude>
    <ClInclude Include="src\PathPlaningController\FieldBuilding\LinearBCStrategy.hpp">
      <Filter>Header Files</Filter>
    </ClInclude>
    <ClInclude Include="src\PathPlaningController\FieldBuilding\LinearMeshStrategy.hpp">
      <Filter>Header Files</Filter>
    </ClInclude>
    <ClInclude Include="src\PathPlaningController\BEM2DController.hpp">
      <Filter>Header Files</Filter>
    </ClInclude>
    <ClInclude Include="src\PathPlaningController\Common.hpp">
      <Filter>Header Files</Filter>
    </ClInclude>
    <ClInclude Include="src\PathPlaningController\FieldBuilding.hpp">
      <Filter>Header Files</Filter>
    </ClInclude>
    <ClInclude Include="src\PathPlaningController\Firmware.hpp">
      <Filter>Header Files</Filter>
    </ClInclude>
    <ClInclude Include="src\Drone.hpp">
      <Filter>Header Files</Filter>
    </ClInclude>
  </ItemGroup>
  <ItemGroup>
    <ClCompile Include="src\Source.cpp">
      <Filter>Source Files</Filter>
    </ClCompile>
    <ClCompile Include="src\PathPlaningController\ControlSystem\OptimalControlAnalytic.hpp">
      <Filter>Source Files</Filter>
    </ClCompile>
    <ClCompile Include="include\SGSmooth.cpp">
      <Filter>Source Files</Filter>
    </ClCompile>
  </ItemGroup>
</Project>