<?xml version="1.0" encoding="utf-8"?>
<Project ToolsVersion="4.0" xmlns="http://schemas.microsoft.com/developer/msbuild/2003">
  <ItemGroup>
    <Filter Include="Header Files">
      <UniqueIdentifier>{01af0650-7bbd-428c-b8cf-41d71b5e7f42}</UniqueIdentifier>
    </Filter>
    <Filter Include="Resource Files">
      <UniqueIdentifier>{ac6b0fbc-484b-47f4-8c59-49540dc8a29c}</UniqueIdentifier>
    </Filter>
    <Filter Include="Source Files">
      <UniqueIdentifier>{ef5a6057-de9a-4b3a-8baa-8f062963b4b7}</UniqueIdentifier>
    </Filter>
  </ItemGroup>
  <ItemGroup>
    <ClInclude Include="include\GaussSmoopthen.hpp">
      <Filter>Header Files</Filter>
    </ClInclude>
    <ClInclude Include="include\linenoise.hpp">
      <Filter>Header Files</Filter>
    </ClInclude>
    <ClInclude Include="include\SGSmooth.hpp">
      <Filter>Header Files</Filter>
    </ClInclude>
    <ClInclude Include="include\SimpleShell.hpp">
      <Filter>Header Files</Filter>
    </ClInclude>
    <ClInclude Include="src\PathPlaningController\BEM2DController.hpp">
      <Filter>Header Files</Filter>
    </ClInclude>
    <ClInclude Include="src\PathPlaningController\Common.hpp">
      <Filter>Header Files</Filter>
    </ClInclude>
    <ClInclude Include="src\PathPlaningController\FieldBuilding.hpp">
      <Filter>Header Files</Filter>
    </ClInclude>
    <ClInclude Include="src\PathPlaningController\Firmware.hpp">
      <Filter>Header Files</Filter>
    </ClInclude>
    <ClInclude Include="src\PathPlaningController\BEM\BEM2D.hpp">
      <Filter>Header Files</Filter>
    </ClInclude>
    <ClInclude Include="src\PathPlaningController\BEM\BEM2DConstant.hpp">
      <Filter>Header Files</Filter>
    </ClInclude>
    <ClInclude Include="src\PathPlaningController\BEM\BEMCommon.hpp">
      <Filter>Header Files</Filter>
    </ClInclude>
    <ClInclude Include="src\PathPlaningController\BEM\BEMMathUtil.hpp">
      <Filter>Header Files</Filter>
    </ClInclude>
    <ClInclude Include="src\PathPlaningController\ControlSystem\ControlSystem.hpp">
      <Filter>Header Files</Filter>
    </ClInclude>
    <ClInclude Include="src\PathPlaningController\ControlSystem\OptimalControlAnalytic.hpp">
      <Filter>Header Files</Filter>
    </ClInclude>
    <ClInclude Include="src\PathPlaningController\FieldBuilding\BoundaryStrategy.hpp">
      <Filter>Header Files</Filter>
    </ClInclude>
    <ClInclude Include="src\PathPlaningController\FieldBuilding\ClosedBoundary.hpp">
      <Filter>Header Files</Filter>
    </ClInclude>
    <ClInclude Include="src\PathPlaningController\FieldBuilding\ConstantBCStrategy.hpp">
      <Filter>Header Files</Filter>
    </ClInclude>
    <ClInclude Include="src\PathPlaningController\FieldBuilding\ConstantMeshStrategy.hpp">
      <Filter>Header Files</Filter>
    </ClInclude>
    <ClInclude Include="src\PathPlaningController\FieldBuilding\FieldBuildingCommon.hpp">
      <Filter>Header Files</Filter>
    </ClInclude>
    <ClInclude Include="src\PathPlaningController\FieldBuilding\FieldMathUtil.hpp">
      <Filter>Header Files</Filter>
    </ClInclude>
    <ClInclude Include="resource.h">
      <Filter>Header Files</Filter>
    </ClInclude>
    <ClInclude Include="src\Drone.hpp">
      <Filter>Header Files</Filter>
    </ClInclude>
    <ClInclude Include="src\json.hpp">
      <Filter>Header Files</Filter>
    </ClInclude>
  </ItemGroup>
  <ItemGroup>
    <ClCompile Include="src\Source.cpp">
      <Filter>Source Files</Filter>
    </ClCompile>
    <ClCompile Include="include\SGSmooth.cpp">
      <Filter>Source Files</Filter>
    </ClCompile>
  </ItemGroup>
</Project>